
Microsoft Visual Studio Solution File, Format Version 12.00
# Visual Studio Version 17
VisualStudioVersion = 17.4.33213.308
MinimumVisualStudioVersion = 10.0.40219.1
Project("{FAE04EC0-301F-11D3-BF4B-00C04F79EFBC}") = "CoffeeMashine", "CoffeeMashine\CoffeeMashine.csproj", "{781F42AC-E140-4CDF-817F-9BB944CBC206}"
EndProject
Global
	GlobalSection(SolutionConfigurationPlatforms) = preSolution
		Debug|Any CPU = Debug|Any CPU
		Release|Any CPU = Release|Any CPU
	EndGlobalSection
	GlobalSection(ProjectConfigurationPlatforms) = postSolution
		{781F42AC-E140-4CDF-817F-9BB944CBC206}.Debug|Any CPU.ActiveCfg = Debug|Any CPU
		{781F42AC-E140-4CDF-817F-9BB944CBC206}.Debug|Any CPU.Build.0 = Debug|Any CPU
		{781F42AC-E140-4CDF-817F-9BB944CBC206}.Release|Any CPU.ActiveCfg = Release|Any CPU
		{781F42AC-E140-4CDF-817F-9BB944CBC206}.Release|Any CPU.Build.0 = Release|Any CPU
	EndGlobalSection
	GlobalSection(SolutionProperties) = preSolution
		HideSolutionNode = FALSE
	EndGlobalSection
	GlobalSection(ExtensibilityGlobals) = postSolution
		SolutionGuid = {3D721DD0-E9BF-4034-9B1D-2B4CF94C6E1C}
	EndGlobalSection
EndGlobal
